{
  "nodes": {
    "hardware": {
      "locked": {
        "lastModified": 1730537918,
        "narHash": "sha256-GJB1/aaTnAtt9sso/EQ77TAGJ/rt6uvlP0RqZFnWue8=",
        "owner": "NixOS",
        "repo": "nixos-hardware",
        "rev": "f6e0cd5c47d150c4718199084e5764f968f1b560",
        "type": "github"
      },
      "original": {
        "owner": "NixOS",
        "ref": "master",
        "repo": "nixos-hardware",
        "type": "github"
      }
    },
    "home-manager": {
      "inputs": {
        "nixpkgs": [
          "nixpkgs"
        ]
      },
      "locked": {
        "lastModified": 1730490306,
        "narHash": "sha256-AvCVDswOUM9D368HxYD25RsSKp+5o0L0/JHADjLoD38=",
        "owner": "nix-community",
        "repo": "home-manager",
        "rev": "1743615b61c7285976f85b303a36cdf88a556503",
        "type": "github"
      },
      "original": {
        "owner": "nix-community",
        "repo": "home-manager",
        "type": "github"
      }
    },
    "nixpkgs": {
      "locked": {
        "lastModified": 1730200266,
        "narHash": "sha256-l253w0XMT8nWHGXuXqyiIC/bMvh1VRszGXgdpQlfhvU=",
        "owner": "nixos",
        "repo": "nixpkgs",
        "rev": "807e9154dcb16384b1b765ebe9cd2bba2ac287fd",
        "type": "github"
      },
      "original": {
        "owner": "nixos",
        "ref": "nixos-unstable",
        "repo": "nixpkgs",
        "type": "github"
      }
    },
    "root": {
      "inputs": {
        "hardware": "hardware",
        "home-manager": "home-manager",
        "nixpkgs": "nixpkgs",
        "ucodenix": "ucodenix"
      }
    },
    "ucodenix": {
      "inputs": {
        "nixpkgs": [
          "nixpkgs"
        ]
      },
      "locked": {
        "lastModified": 1730109786,
        "narHash": "sha256-YSmZB4geETQ7eheCTfYn/t7b6rit+WySU4/3sMUqd6Y=",
        "owner": "e-tho",
        "repo": "ucodenix",
        "rev": "18221fe451cb5627a1327b18f5bdf5d03a979d5b",
        "type": "github"
      },
      "original": {
        "owner": "e-tho",
        "repo": "ucodenix",
        "type": "github"
      }
    }
  },
  "root": "root",
  "version": 7
}
