{
  "nodes": {
    "cpu-microcodes": {
      "flake": false,
      "locked": {
        "lastModified": 1759588812,
        "narHash": "sha256-HMq/XjTY/Dmjzufho8dw8bL/2iMlcIZEUcJI84o6/no=",
        "owner": "platomav",
        "repo": "CPUMicrocodes",
        "rev": "ae2c33ecd7a5855a743b360a05bc984911d16957",
        "type": "github"
      },
      "original": {
        "owner": "platomav",
        "repo": "CPUMicrocodes",
        "rev": "ae2c33ecd7a5855a743b360a05bc984911d16957",
        "type": "github"
      }
    },
    "hardware": {
      "locked": {
        "lastModified": 1759582739,
        "narHash": "sha256-spZegilADH0q5OngM86u6NmXxduCNv5eX9vCiUPhOYc=",
        "owner": "NixOS",
        "repo": "nixos-hardware",
        "rev": "3441b5242af7577230a78ffb03542add264179ab",
        "type": "github"
      },
      "original": {
        "owner": "NixOS",
        "ref": "master",
        "repo": "nixos-hardware",
        "type": "github"
      }
    },
    "home-manager": {
      "inputs": {
        "nixpkgs": [
          "nixpkgs"
        ]
      },
      "locked": {
        "lastModified": 1759761710,
        "narHash": "sha256-6ZG7VZZsbg39gtziGSvCJKurhIahIuiCn+W6TGB5kOU=",
        "owner": "nix-community",
        "repo": "home-manager",
        "rev": "929535c3082afdf0b18afec5ea1ef14d7689ff1c",
        "type": "github"
      },
      "original": {
        "owner": "nix-community",
        "repo": "home-manager",
        "type": "github"
      }
    },
    "nixpkgs": {
      "locked": {
        "lastModified": 1759381078,
        "narHash": "sha256-gTrEEp5gEspIcCOx9PD8kMaF1iEmfBcTbO0Jag2QhQs=",
        "owner": "nixos",
        "repo": "nixpkgs",
        "rev": "7df7ff7d8e00218376575f0acdcc5d66741351ee",
        "type": "github"
      },
      "original": {
        "owner": "nixos",
        "ref": "nixos-unstable",
        "repo": "nixpkgs",
        "type": "github"
      }
    },
    "root": {
      "inputs": {
        "hardware": "hardware",
        "home-manager": "home-manager",
        "nixpkgs": "nixpkgs",
        "ucodenix": "ucodenix"
      }
    },
    "ucodenix": {
      "inputs": {
        "cpu-microcodes": "cpu-microcodes"
      },
      "locked": {
        "lastModified": 1759757733,
        "narHash": "sha256-RBVrkD/QApr9tMko3kHVPLC0B1aJ/fIA0rvyreu5+dw=",
        "owner": "e-tho",
        "repo": "ucodenix",
        "rev": "4d93b4ca90906db637756cb2ccb2670f6b4f2eed",
        "type": "github"
      },
      "original": {
        "owner": "e-tho",
        "repo": "ucodenix",
        "type": "github"
      }
    }
  },
  "root": "root",
  "version": 7
}
